
Microsoft Visual Studio Solution File, Format Version 12.00
# Visual Studio 15
VisualStudioVersion = 15.0.28307.421
MinimumVisualStudioVersion = 10.0.40219.1
Project("{9A19103F-16F7-4668-BE54-9A1E7A4F7556}") = "FilerySearch", "FilerySearch\FilerySearch.csproj", "{261B84B9-7A03-4482-82AD-9DE6D5F1695A}"
EndProject
Project("{FAE04EC0-301F-11D3-BF4B-00C04F79EFBC}") = "FilerySearchEngineTest", "FilerySearchEngineTest\FilerySearchEngineTest.csproj", "{4449D8A3-E9F4-4C65-AC3C-97672CE10610}"
EndProject
Global
	GlobalSection(SolutionConfigurationPlatforms) = preSolution
		Debug|Any CPU = Debug|Any CPU
		Release|Any CPU = Release|Any CPU
	EndGlobalSection
	GlobalSection(ProjectConfigurationPlatforms) = postSolution
		{261B84B9-7A03-4482-82AD-9DE6D5F1695A}.Debug|Any CPU.ActiveCfg = Debug|Any CPU
		{261B84B9-7A03-4482-82AD-9DE6D5F1695A}.Debug|Any CPU.Build.0 = Debug|Any CPU
		{261B84B9-7A03-4482-82AD-9DE6D5F1695A}.Release|Any CPU.ActiveCfg = Release|Any CPU
		{261B84B9-7A03-4482-82AD-9DE6D5F1695A}.Release|Any CPU.Build.0 = Release|Any CPU
		{4449D8A3-E9F4-4C65-AC3C-97672CE10610}.Debug|Any CPU.ActiveCfg = Debug|Any CPU
		{4449D8A3-E9F4-4C65-AC3C-97672CE10610}.Debug|Any CPU.Build.0 = Debug|Any CPU
		{4449D8A3-E9F4-4C65-AC3C-97672CE10610}.Release|Any CPU.ActiveCfg = Release|Any CPU
		{4449D8A3-E9F4-4C65-AC3C-97672CE10610}.Release|Any CPU.Build.0 = Release|Any CPU
	EndGlobalSection
	GlobalSection(SolutionProperties) = preSolution
		HideSolutionNode = FALSE
	EndGlobalSection
	GlobalSection(ExtensibilityGlobals) = postSolution
		SolutionGuid = {E95BB4C7-D7A7-4C29-B0D2-D31CA58AE52F}
	EndGlobalSection
EndGlobal
